
Microsoft Visual Studio Solution File, Format Version 12.00
# Visual Studio Version 17
VisualStudioVersion = 17.4.33205.214
MinimumVisualStudioVersion = 10.0.40219.1
Project("{FAE04EC0-301F-11D3-BF4B-00C04F79EFBC}") = "AskAnything", "AskAnything\AskAnything.csproj", "{632E34F1-7852-482E-B9FE-53E28C337406}"
EndProject
Global
	GlobalSection(SolutionConfigurationPlatforms) = preSolution
		Debug|Any CPU = Debug|Any CPU
		Release|Any CPU = Release|Any CPU
	EndGlobalSection
	GlobalSection(ProjectConfigurationPlatforms) = postSolution
		{632E34F1-7852-482E-B9FE-53E28C337406}.Debug|Any CPU.ActiveCfg = Debug|Any CPU
		{632E34F1-7852-482E-B9FE-53E28C337406}.Debug|Any CPU.Build.0 = Debug|Any CPU
		{632E34F1-7852-482E-B9FE-53E28C337406}.Release|Any CPU.ActiveCfg = Release|Any CPU
		{632E34F1-7852-482E-B9FE-53E28C337406}.Release|Any CPU.Build.0 = Release|Any CPU
	EndGlobalSection
	GlobalSection(SolutionProperties) = preSolution
		HideSolutionNode = FALSE
	EndGlobalSection
	GlobalSection(ExtensibilityGlobals) = postSolution
		SolutionGuid = {2F628F69-67CF-45C3-A681-FF4F64149426}
	EndGlobalSection
EndGlobal
